
Microsoft Visual Studio Solution File, Format Version 12.00
# Visual Studio Version 17
VisualStudioVersion = 17.0.31903.59
MinimumVisualStudioVersion = 10.0.40219.1
Project("{FAE04EC0-301F-11D3-BF4B-00C04F79EFBC}") = "Kafka.Consumer", "Kafka.Consumer\Kafka.Consumer.csproj", "{1AFC7F95-A915-44C6-8857-62A509988346}"
EndProject
Project("{FAE04EC0-301F-11D3-BF4B-00C04F79EFBC}") = "Kafka.Producer", "Kafka.Producer\Kafka.Producer.csproj", "{BA9CE7E2-8B1D-4E96-AB20-A31F9F082D99}"
EndProject
Project("{FAE04EC0-301F-11D3-BF4B-00C04F79EFBC}") = "Demo.Host", "Demo.Host\Demo.Host.csproj", "{DD8B6F5F-0E91-4B88-A478-3A972F794AB8}"
EndProject
Project("{FAE04EC0-301F-11D3-BF4B-00C04F79EFBC}") = "MCP.Server", "MCP.Server\MCP.Server.csproj", "{2302FAE9-DA2D-4AC0-B017-0FC00541C422}"
EndProject
Project("{FAE04EC0-301F-11D3-BF4B-00C04F79EFBC}") = "MCP.Host", "MCP.Host\MCP.Host.csproj", "{F28A0304-94DA-4205-91EE-E06D87F13EF4}"
EndProject
Project("{FAE04EC0-301F-11D3-BF4B-00C04F79EFBC}") = "Demo.ServiceDefaults", "Demo.ServiceDefaults\Demo.ServiceDefaults.csproj", "{9F7F2EA8-D6AA-4ED0-AE5A-16C6A0F1357A}"
EndProject
Project("{FAE04EC0-301F-11D3-BF4B-00C04F79EFBC}") = "AI.Agent.Custom", "AI.Agent.Custom\AI.Agent.Custom.csproj", "{773111D2-270A-483A-9D23-B151DF29E37A}"
EndProject
Project("{FAE04EC0-301F-11D3-BF4B-00C04F79EFBC}") = "AI.Agent.ProductRepository", "AI.Agent.ProductRepository\AI.Agent.ProductRepository.csproj", "{9392FA29-313A-4E79-BE5A-11508C31F672}"
EndProject
Project("{FAE04EC0-301F-11D3-BF4B-00C04F79EFBC}") = "Business.Domain", "Business.Domain\Business.Domain.csproj", "{8BCBC88A-EE57-4500-BCBF-E5F4F85C3E13}"
EndProject
Project("{FAE04EC0-301F-11D3-BF4B-00C04F79EFBC}") = "Business.Application", "Business.Application\Business.Application.csproj", "{1BCA7C33-BEA4-4C50-AC37-91010AE60909}"
EndProject
Project("{FAE04EC0-301F-11D3-BF4B-00C04F79EFBC}") = "Business.Infrastructure", "Business.Infrastructure\Business.Infrastructure.csproj", "{A24CE4F7-F1A0-4EB2-87CF-D7475C0A889D}"
EndProject
Global
	GlobalSection(SolutionConfigurationPlatforms) = preSolution
		Debug|Any CPU = Debug|Any CPU
		Debug|x64 = Debug|x64
		Debug|x86 = Debug|x86
		Release|Any CPU = Release|Any CPU
		Release|x64 = Release|x64
		Release|x86 = Release|x86
	EndGlobalSection
	GlobalSection(ProjectConfigurationPlatforms) = postSolution
		{1AFC7F95-A915-44C6-8857-62A509988346}.Debug|Any CPU.ActiveCfg = Debug|Any CPU
		{1AFC7F95-A915-44C6-8857-62A509988346}.Debug|Any CPU.Build.0 = Debug|Any CPU
		{1AFC7F95-A915-44C6-8857-62A509988346}.Debug|x64.ActiveCfg = Debug|Any CPU
		{1AFC7F95-A915-44C6-8857-62A509988346}.Debug|x64.Build.0 = Debug|Any CPU
		{1AFC7F95-A915-44C6-8857-62A509988346}.Debug|x86.ActiveCfg = Debug|Any CPU
		{1AFC7F95-A915-44C6-8857-62A509988346}.Debug|x86.Build.0 = Debug|Any CPU
		{1AFC7F95-A915-44C6-8857-62A509988346}.Release|Any CPU.ActiveCfg = Release|Any CPU
		{1AFC7F95-A915-44C6-8857-62A509988346}.Release|Any CPU.Build.0 = Release|Any CPU
		{1AFC7F95-A915-44C6-8857-62A509988346}.Release|x64.ActiveCfg = Release|Any CPU
		{1AFC7F95-A915-44C6-8857-62A509988346}.Release|x64.Build.0 = Release|Any CPU
		{1AFC7F95-A915-44C6-8857-62A509988346}.Release|x86.ActiveCfg = Release|Any CPU
		{1AFC7F95-A915-44C6-8857-62A509988346}.Release|x86.Build.0 = Release|Any CPU
		{BA9CE7E2-8B1D-4E96-AB20-A31F9F082D99}.Debug|Any CPU.ActiveCfg = Debug|Any CPU
		{BA9CE7E2-8B1D-4E96-AB20-A31F9F082D99}.Debug|Any CPU.Build.0 = Debug|Any CPU
		{BA9CE7E2-8B1D-4E96-AB20-A31F9F082D99}.Debug|x64.ActiveCfg = Debug|Any CPU
		{BA9CE7E2-8B1D-4E96-AB20-A31F9F082D99}.Debug|x64.Build.0 = Debug|Any CPU
		{BA9CE7E2-8B1D-4E96-AB20-A31F9F082D99}.Debug|x86.ActiveCfg = Debug|Any CPU
		{BA9CE7E2-8B1D-4E96-AB20-A31F9F082D99}.Debug|x86.Build.0 = Debug|Any CPU
		{BA9CE7E2-8B1D-4E96-AB20-A31F9F082D99}.Release|Any CPU.ActiveCfg = Release|Any CPU
		{BA9CE7E2-8B1D-4E96-AB20-A31F9F082D99}.Release|Any CPU.Build.0 = Release|Any CPU
		{BA9CE7E2-8B1D-4E96-AB20-A31F9F082D99}.Release|x64.ActiveCfg = Release|Any CPU
		{BA9CE7E2-8B1D-4E96-AB20-A31F9F082D99}.Release|x64.Build.0 = Release|Any CPU
		{BA9CE7E2-8B1D-4E96-AB20-A31F9F082D99}.Release|x86.ActiveCfg = Release|Any CPU
		{BA9CE7E2-8B1D-4E96-AB20-A31F9F082D99}.Release|x86.Build.0 = Release|Any CPU
		{DD8B6F5F-0E91-4B88-A478-3A972F794AB8}.Debug|Any CPU.ActiveCfg = Debug|Any CPU
		{DD8B6F5F-0E91-4B88-A478-3A972F794AB8}.Debug|Any CPU.Build.0 = Debug|Any CPU
		{DD8B6F5F-0E91-4B88-A478-3A972F794AB8}.Debug|x64.ActiveCfg = Debug|Any CPU
		{DD8B6F5F-0E91-4B88-A478-3A972F794AB8}.Debug|x64.Build.0 = Debug|Any CPU
		{DD8B6F5F-0E91-4B88-A478-3A972F794AB8}.Debug|x86.ActiveCfg = Debug|Any CPU
		{DD8B6F5F-0E91-4B88-A478-3A972F794AB8}.Debug|x86.Build.0 = Debug|Any CPU
		{DD8B6F5F-0E91-4B88-A478-3A972F794AB8}.Release|Any CPU.ActiveCfg = Release|Any CPU
		{DD8B6F5F-0E91-4B88-A478-3A972F794AB8}.Release|Any CPU.Build.0 = Release|Any CPU
		{DD8B6F5F-0E91-4B88-A478-3A972F794AB8}.Release|x64.ActiveCfg = Release|Any CPU
		{DD8B6F5F-0E91-4B88-A478-3A972F794AB8}.Release|x64.Build.0 = Release|Any CPU
		{DD8B6F5F-0E91-4B88-A478-3A972F794AB8}.Release|x86.ActiveCfg = Release|Any CPU
		{DD8B6F5F-0E91-4B88-A478-3A972F794AB8}.Release|x86.Build.0 = Release|Any CPU
		{2302FAE9-DA2D-4AC0-B017-0FC00541C422}.Debug|Any CPU.ActiveCfg = Debug|Any CPU
		{2302FAE9-DA2D-4AC0-B017-0FC00541C422}.Debug|Any CPU.Build.0 = Debug|Any CPU
		{2302FAE9-DA2D-4AC0-B017-0FC00541C422}.Debug|x64.ActiveCfg = Debug|Any CPU
		{2302FAE9-DA2D-4AC0-B017-0FC00541C422}.Debug|x64.Build.0 = Debug|Any CPU
		{2302FAE9-DA2D-4AC0-B017-0FC00541C422}.Debug|x86.ActiveCfg = Debug|Any CPU
		{2302FAE9-DA2D-4AC0-B017-0FC00541C422}.Debug|x86.Build.0 = Debug|Any CPU
		{2302FAE9-DA2D-4AC0-B017-0FC00541C422}.Release|Any CPU.ActiveCfg = Release|Any CPU
		{2302FAE9-DA2D-4AC0-B017-0FC00541C422}.Release|Any CPU.Build.0 = Release|Any CPU
		{2302FAE9-DA2D-4AC0-B017-0FC00541C422}.Release|x64.ActiveCfg = Release|Any CPU
		{2302FAE9-DA2D-4AC0-B017-0FC00541C422}.Release|x64.Build.0 = Release|Any CPU
		{2302FAE9-DA2D-4AC0-B017-0FC00541C422}.Release|x86.ActiveCfg = Release|Any CPU
		{2302FAE9-DA2D-4AC0-B017-0FC00541C422}.Release|x86.Build.0 = Release|Any CPU
		{F28A0304-94DA-4205-91EE-E06D87F13EF4}.Debug|Any CPU.ActiveCfg = Debug|Any CPU
		{F28A0304-94DA-4205-91EE-E06D87F13EF4}.Debug|Any CPU.Build.0 = Debug|Any CPU
		{F28A0304-94DA-4205-91EE-E06D87F13EF4}.Debug|x64.ActiveCfg = Debug|Any CPU
		{F28A0304-94DA-4205-91EE-E06D87F13EF4}.Debug|x64.Build.0 = Debug|Any CPU
		{F28A0304-94DA-4205-91EE-E06D87F13EF4}.Debug|x86.ActiveCfg = Debug|Any CPU
		{F28A0304-94DA-4205-91EE-E06D87F13EF4}.Debug|x86.Build.0 = Debug|Any CPU
		{F28A0304-94DA-4205-91EE-E06D87F13EF4}.Release|Any CPU.ActiveCfg = Release|Any CPU
		{F28A0304-94DA-4205-91EE-E06D87F13EF4}.Release|Any CPU.Build.0 = Release|Any CPU
		{F28A0304-94DA-4205-91EE-E06D87F13EF4}.Release|x64.ActiveCfg = Release|Any CPU
		{F28A0304-94DA-4205-91EE-E06D87F13EF4}.Release|x64.Build.0 = Release|Any CPU
		{F28A0304-94DA-4205-91EE-E06D87F13EF4}.Release|x86.ActiveCfg = Release|Any CPU
		{F28A0304-94DA-4205-91EE-E06D87F13EF4}.Release|x86.Build.0 = Release|Any CPU
		{9F7F2EA8-D6AA-4ED0-AE5A-16C6A0F1357A}.Debug|Any CPU.ActiveCfg = Debug|Any CPU
		{9F7F2EA8-D6AA-4ED0-AE5A-16C6A0F1357A}.Debug|Any CPU.Build.0 = Debug|Any CPU
		{9F7F2EA8-D6AA-4ED0-AE5A-16C6A0F1357A}.Debug|x64.ActiveCfg = Debug|Any CPU
		{9F7F2EA8-D6AA-4ED0-AE5A-16C6A0F1357A}.Debug|x64.Build.0 = Debug|Any CPU
		{9F7F2EA8-D6AA-4ED0-AE5A-16C6A0F1357A}.Debug|x86.ActiveCfg = Debug|Any CPU
		{9F7F2EA8-D6AA-4ED0-AE5A-16C6A0F1357A}.Debug|x86.Build.0 = Debug|Any CPU
		{9F7F2EA8-D6AA-4ED0-AE5A-16C6A0F1357A}.Release|Any CPU.ActiveCfg = Release|Any CPU
		{9F7F2EA8-D6AA-4ED0-AE5A-16C6A0F1357A}.Release|Any CPU.Build.0 = Release|Any CPU
		{9F7F2EA8-D6AA-4ED0-AE5A-16C6A0F1357A}.Release|x64.ActiveCfg = Release|Any CPU
		{9F7F2EA8-D6AA-4ED0-AE5A-16C6A0F1357A}.Release|x64.Build.0 = Release|Any CPU
		{9F7F2EA8-D6AA-4ED0-AE5A-16C6A0F1357A}.Release|x86.ActiveCfg = Release|Any CPU
		{9F7F2EA8-D6AA-4ED0-AE5A-16C6A0F1357A}.Release|x86.Build.0 = Release|Any CPU
		{773111D2-270A-483A-9D23-B151DF29E37A}.Debug|Any CPU.ActiveCfg = Debug|Any CPU
		{773111D2-270A-483A-9D23-B151DF29E37A}.Debug|Any CPU.Build.0 = Debug|Any CPU
		{773111D2-270A-483A-9D23-B151DF29E37A}.Debug|x64.ActiveCfg = Debug|Any CPU
		{773111D2-270A-483A-9D23-B151DF29E37A}.Debug|x64.Build.0 = Debug|Any CPU
		{773111D2-270A-483A-9D23-B151DF29E37A}.Debug|x86.ActiveCfg = Debug|Any CPU
		{773111D2-270A-483A-9D23-B151DF29E37A}.Debug|x86.Build.0 = Debug|Any CPU
		{773111D2-270A-483A-9D23-B151DF29E37A}.Release|Any CPU.ActiveCfg = Release|Any CPU
		{773111D2-270A-483A-9D23-B151DF29E37A}.Release|Any CPU.Build.0 = Release|Any CPU
		{773111D2-270A-483A-9D23-B151DF29E37A}.Release|x64.ActiveCfg = Release|Any CPU
		{773111D2-270A-483A-9D23-B151DF29E37A}.Release|x64.Build.0 = Release|Any CPU
		{773111D2-270A-483A-9D23-B151DF29E37A}.Release|x86.ActiveCfg = Release|Any CPU
		{773111D2-270A-483A-9D23-B151DF29E37A}.Release|x86.Build.0 = Release|Any CPU
		{9392FA29-313A-4E79-BE5A-11508C31F672}.Debug|Any CPU.ActiveCfg = Debug|Any CPU
		{9392FA29-313A-4E79-BE5A-11508C31F672}.Debug|Any CPU.Build.0 = Debug|Any CPU
		{9392FA29-313A-4E79-BE5A-11508C31F672}.Debug|x64.ActiveCfg = Debug|Any CPU
		{9392FA29-313A-4E79-BE5A-11508C31F672}.Debug|x64.Build.0 = Debug|Any CPU
		{9392FA29-313A-4E79-BE5A-11508C31F672}.Debug|x86.ActiveCfg = Debug|Any CPU
		{9392FA29-313A-4E79-BE5A-11508C31F672}.Debug|x86.Build.0 = Debug|Any CPU
		{9392FA29-313A-4E79-BE5A-11508C31F672}.Release|Any CPU.ActiveCfg = Release|Any CPU
		{9392FA29-313A-4E79-BE5A-11508C31F672}.Release|Any CPU.Build.0 = Release|Any CPU
		{9392FA29-313A-4E79-BE5A-11508C31F672}.Release|x64.ActiveCfg = Release|Any CPU
		{9392FA29-313A-4E79-BE5A-11508C31F672}.Release|x64.Build.0 = Release|Any CPU
		{9392FA29-313A-4E79-BE5A-11508C31F672}.Release|x86.ActiveCfg = Release|Any CPU
		{9392FA29-313A-4E79-BE5A-11508C31F672}.Release|x86.Build.0 = Release|Any CPU
		{8BCBC88A-EE57-4500-BCBF-E5F4F85C3E13}.Debug|Any CPU.ActiveCfg = Debug|Any CPU
		{8BCBC88A-EE57-4500-BCBF-E5F4F85C3E13}.Debug|Any CPU.Build.0 = Debug|Any CPU
		{8BCBC88A-EE57-4500-BCBF-E5F4F85C3E13}.Debug|x64.ActiveCfg = Debug|Any CPU
		{8BCBC88A-EE57-4500-BCBF-E5F4F85C3E13}.Debug|x64.Build.0 = Debug|Any CPU
		{8BCBC88A-EE57-4500-BCBF-E5F4F85C3E13}.Debug|x86.ActiveCfg = Debug|Any CPU
		{8BCBC88A-EE57-4500-BCBF-E5F4F85C3E13}.Debug|x86.Build.0 = Debug|Any CPU
		{8BCBC88A-EE57-4500-BCBF-E5F4F85C3E13}.Release|Any CPU.ActiveCfg = Release|Any CPU
		{8BCBC88A-EE57-4500-BCBF-E5F4F85C3E13}.Release|Any CPU.Build.0 = Release|Any CPU
		{8BCBC88A-EE57-4500-BCBF-E5F4F85C3E13}.Release|x64.ActiveCfg = Release|Any CPU
		{8BCBC88A-EE57-4500-BCBF-E5F4F85C3E13}.Release|x64.Build.0 = Release|Any CPU
		{8BCBC88A-EE57-4500-BCBF-E5F4F85C3E13}.Release|x86.ActiveCfg = Release|Any CPU
		{8BCBC88A-EE57-4500-BCBF-E5F4F85C3E13}.Release|x86.Build.0 = Release|Any CPU
		{1BCA7C33-BEA4-4C50-AC37-91010AE60909}.Debug|Any CPU.ActiveCfg = Debug|Any CPU
		{1BCA7C33-BEA4-4C50-AC37-91010AE60909}.Debug|Any CPU.Build.0 = Debug|Any CPU
		{1BCA7C33-BEA4-4C50-AC37-91010AE60909}.Debug|x64.ActiveCfg = Debug|Any CPU
		{1BCA7C33-BEA4-4C50-AC37-91010AE60909}.Debug|x64.Build.0 = Debug|Any CPU
		{1BCA7C33-BEA4-4C50-AC37-91010AE60909}.Debug|x86.ActiveCfg = Debug|Any CPU
		{1BCA7C33-BEA4-4C50-AC37-91010AE60909}.Debug|x86.Build.0 = Debug|Any CPU
		{1BCA7C33-BEA4-4C50-AC37-91010AE60909}.Release|Any CPU.ActiveCfg = Release|Any CPU
		{1BCA7C33-BEA4-4C50-AC37-91010AE60909}.Release|Any CPU.Build.0 = Release|Any CPU
		{1BCA7C33-BEA4-4C50-AC37-91010AE60909}.Release|x64.ActiveCfg = Release|Any CPU
		{1BCA7C33-BEA4-4C50-AC37-91010AE60909}.Release|x64.Build.0 = Release|Any CPU
		{1BCA7C33-BEA4-4C50-AC37-91010AE60909}.Release|x86.ActiveCfg = Release|Any CPU
		{1BCA7C33-BEA4-4C50-AC37-91010AE60909}.Release|x86.Build.0 = Release|Any CPU
		{A24CE4F7-F1A0-4EB2-87CF-D7475C0A889D}.Debug|Any CPU.ActiveCfg = Debug|Any CPU
		{A24CE4F7-F1A0-4EB2-87CF-D7475C0A889D}.Debug|Any CPU.Build.0 = Debug|Any CPU
		{A24CE4F7-F1A0-4EB2-87CF-D7475C0A889D}.Debug|x64.ActiveCfg = Debug|Any CPU
		{A24CE4F7-F1A0-4EB2-87CF-D7475C0A889D}.Debug|x64.Build.0 = Debug|Any CPU
		{A24CE4F7-F1A0-4EB2-87CF-D7475C0A889D}.Debug|x86.ActiveCfg = Debug|Any CPU
		{A24CE4F7-F1A0-4EB2-87CF-D7475C0A889D}.Debug|x86.Build.0 = Debug|Any CPU
		{A24CE4F7-F1A0-4EB2-87CF-D7475C0A889D}.Release|Any CPU.ActiveCfg = Release|Any CPU
		{A24CE4F7-F1A0-4EB2-87CF-D7475C0A889D}.Release|Any CPU.Build.0 = Release|Any CPU
		{A24CE4F7-F1A0-4EB2-87CF-D7475C0A889D}.Release|x64.ActiveCfg = Release|Any CPU
		{A24CE4F7-F1A0-4EB2-87CF-D7475C0A889D}.Release|x64.Build.0 = Release|Any CPU
		{A24CE4F7-F1A0-4EB2-87CF-D7475C0A889D}.Release|x86.ActiveCfg = Release|Any CPU
		{A24CE4F7-F1A0-4EB2-87CF-D7475C0A889D}.Release|x86.Build.0 = Release|Any CPU
	EndGlobalSection
	GlobalSection(SolutionProperties) = preSolution
		HideSolutionNode = FALSE
	EndGlobalSection
EndGlobal
